
Microsoft Visual Studio Solution File, Format Version 12.00
# Visual Studio Version 17
VisualStudioVersion = 17.13.35931.197 d17.13
MinimumVisualStudioVersion = 10.0.40219.1
Project("{FAE04EC0-301F-11D3-BF4B-00C04F79EFBC}") = "wlt_helper_legacy", "wlt_helper_legacy.csproj", "{256617A5-81BA-4078-BEDC-1954D6187E37}"
EndProject
Global
	GlobalSection(SolutionConfigurationPlatforms) = preSolution
		Debug|Any CPU = Debug|Any CPU
		Release|Any CPU = Release|Any CPU
	EndGlobalSection
	GlobalSection(ProjectConfigurationPlatforms) = postSolution
		{256617A5-81BA-4078-BEDC-1954D6187E37}.Debug|Any CPU.ActiveCfg = Debug|Any CPU
		{256617A5-81BA-4078-BEDC-1954D6187E37}.Debug|Any CPU.Build.0 = Debug|Any CPU
		{256617A5-81BA-4078-BEDC-1954D6187E37}.Release|Any CPU.ActiveCfg = Release|Any CPU
		{256617A5-81BA-4078-BEDC-1954D6187E37}.Release|Any CPU.Build.0 = Release|Any CPU
	EndGlobalSection
	GlobalSection(SolutionProperties) = preSolution
		HideSolutionNode = FALSE
	EndGlobalSection
	GlobalSection(ExtensibilityGlobals) = postSolution
		SolutionGuid = {63442864-CFFA-4F84-BD07-A21149BEAE88}
	EndGlobalSection
EndGlobal
